lockfileVersion: '9.0'

settings:
  autoInstallPeers: true
  excludeLinksFromLockfile: false

importers:

  .:
    dependencies:
      '@logseq/libs':
        specifier: ^0.3.2
        version: 0.3.2
    devDependencies:
      esbuild:
        specifier: ^0.28.0
        version: 0.28.0
      typescript:
        specifier: ^6.0.3
        version: 6.0.3
      vite:
        specifier: ^8.0.10
        version: 8.0.10(esbuild@0.28.0)
      vite-plugin-domain:
        specifier: ^2.0.5
        version: 2.0.5(vite@8.0.10(esbuild@0.28.0))

packages:

  '@clack/core@1.1.0':
    resolution: {integrity: sha512-SVcm4Dqm2ukn64/8Gub2wnlA5nS2iWJyCkdNHcvNHPIeBTGojpdJ+9cZKwLfmqy7irD4N5qLteSilJlE0WLAtA==}

  '@clack/prompts@1.1.0':
    resolution: {integrity: sha512-pkqbPGtohJAvm4Dphs2M8xE29ggupihHdy1x84HNojZuMtFsHiUlRvqD24tM2+XmI+61LlfNceM3Wr7U5QES5g==}

  '@emnapi/core@1.10.0':
    resolution: {integrity: sha512-yq6OkJ4p82CAfPl0u9mQebQHKPJkY7WrIuk205cTYnYe+k2Z8YBh11FrbRG/H6ihirqcacOgl2BIO8oyMQLeXw==}

  '@emnapi/runtime@1.10.0':
    resolution: {integrity: sha512-ewvYlk86xUoGI0zQRNq/mC+16R1QeDlKQy21Ki3oSYXNgLb45GV1P6A0M+/s6nyCuNDqe5VpaY84BzXGwVbwFA==}

  '@emnapi/wasi-threads@1.2.1':
    resolution: {integrity: sha512-uTII7OYF+/Mes/MrcIOYp5yOtSMLBWSIoLPpcgwipoiKbli6k322tcoFsxoIIxPDqW01SQGAgko4EzZi2BNv2w==}

  '@esbuild/aix-ppc64@0.28.0':
    resolution: {integrity: sha512-lhRUCeuOyJQURhTxl4WkpFTjIsbDayJHih5kZC1giwE+MhIzAb7mEsQMqMf18rHLsrb5qI1tafG20mLxEWcWlA==}
    engines: {node: '>=18'}
    cpu: [ppc64]
    os: [aix]

  '@esbuild/android-arm64@0.28.0':
    resolution: {integrity: sha512-+WzIXQOSaGs33tLEgYPYe/yQHf0WTU0X42Jca3y8NWMbUVhp7rUnw+vAsRC/QiDrdD31IszMrZy+qwPOPjd+rw==}
    engines: {node: '>=18'}
    cpu: [arm64]
    os: [android]

  '@esbuild/android-arm@0.28.0':
    resolution: {integrity: sha512-wqh0ByljabXLKHeWXYLqoJ5jKC4XBaw6Hk08OfMrCRd2nP2ZQ5eleDZC41XHyCNgktBGYMbqnrJKq/K/lzPMSQ==}
    engines: {node: '>=18'}
    cpu: [arm]
    os: [android]

  '@esbuild/android-x64@0.28.0':
    resolution: {integrity: sha512-+VJggoaKhk2VNNqVL7f6S189UzShHC/mR9EE8rDdSkdpN0KflSwWY/gWjDrNxxisg8Fp1ZCD9jLMo4m0OUfeUA==}
    engines: {node: '>=18'}
    cpu: [x64]
    os: [android]

  '@esbuild/darwin-arm64@0.28.0':
    resolution: {integrity: sha512-0T+A9WZm+bZ84nZBtk1ckYsOvyA3x7e2Acj1KdVfV4/2tdG4fzUp91YHx+GArWLtwqp77pBXVCPn2We7Letr0Q==}
    engines: {node: '>=18'}
    cpu: [arm64]
    os: [darwin]

  '@esbuild/darwin-x64@0.28.0':
    resolution: {integrity: sha512-fyzLm/DLDl/84OCfp2f/XQ4flmORsjU7VKt8HLjvIXChJoFFOIL6pLJPH4Yhd1n1gGFF9mPwtlN5Wf82DZs+LQ==}
    engines: {node: '>=18'}
    cpu: [x64]
    os: [darwin]

  '@esbuild/freebsd-arm64@0.28.0':
    resolution: {integrity: sha512-l9GeW5UZBT9k9brBYI+0WDffcRxgHQD8ShN2Ur4xWq/NFzUKm3k5lsH4PdaRgb2w7mI9u61nr2gI2mLI27Nh3Q==}
    engines: {node: '>=18'}
    cpu: [arm64]
    os: [freebsd]

  '@esbuild/freebsd-x64@0.28.0':
    resolution: {integrity: sha512-BXoQai/A0wPO6Es3yFJ7APCiKGc1tdAEOgeTNy3SsB491S3aHn4S4r3e976eUnPdU+NbdtmBuLncYir2tMU9Nw==}
    engines: {node: '>=18'}
    cpu: [x64]
    os: [freebsd]

  '@esbuild/linux-arm64@0.28.0':
    resolution: {integrity: sha512-RVyzfb3FWsGA55n6WY0MEIEPURL1FcbhFE6BffZEMEekfCzCIMtB5yyDcFnVbTnwk+CLAgTujmV/Lgvih56W+A==}
    engines: {node: '>=18'}
    cpu: [arm64]
    os: [linux]

  '@esbuild/linux-arm@0.28.0':
    resolution: {integrity: sha512-CjaaREJagqJp7iTaNQjjidaNbCKYcd4IDkzbwwxtSvjI7NZm79qiHc8HqciMddQ6CKvJT6aBd8lO9kN/ZudLlw==}
    engines: {node: '>=18'}
    cpu: [arm]
    os: [linux]

  '@esbuild/linux-ia32@0.28.0':
    resolution: {integrity: sha512-KBnSTt1kxl9x70q+ydterVdl+Cn0H18ngRMRCEQfrbqdUuntQQ0LoMZv47uB97NljZFzY6HcfqEZ2SAyIUTQBQ==}
    engines: {node: '>=18'}
    cpu: [ia32]
    os: [linux]

  '@esbuild/linux-loong64@0.28.0':
    resolution: {integrity: sha512-zpSlUce1mnxzgBADvxKXX5sl8aYQHo2ezvMNI8I0lbblJtp8V4odlm3Yzlj7gPyt3T8ReksE6bK+pT3WD+aJRg==}
    engines: {node: '>=18'}
    cpu: [loong64]
    os: [linux]

  '@esbuild/linux-mips64el@0.28.0':
    resolution: {integrity: sha512-2jIfP6mmjkdmeTlsX/9vmdmhBmKADrWqN7zcdtHIeNSCH1SqIoNI63cYsjQR8J+wGa4Y5izRcSHSm8K3QWmk3w==}
    engines: {node: '>=18'}
    cpu: [mips64el]
    os: [linux]

  '@esbuild/linux-ppc64@0.28.0':
    resolution: {integrity: sha512-bc0FE9wWeC0WBm49IQMPSPILRocGTQt3j5KPCA8os6VprfuJ7KD+5PzESSrJ6GmPIPJK965ZJHTUlSA6GNYEhg==}
    engines: {node: '>=18'}
    cpu: [ppc64]
    os: [linux]

  '@esbuild/linux-riscv64@0.28.0':
    resolution: {integrity: sha512-SQPZOwoTTT/HXFXQJG/vBX8sOFagGqvZyXcgLA3NhIqcBv1BJU1d46c0rGcrij2B56Z2rNiSLaZOYW5cUk7yLQ==}
    engines: {node: '>=18'}
    cpu: [riscv64]
    os: [linux]

  '@esbuild/linux-s390x@0.28.0':
    resolution: {integrity: sha512-SCfR0HN8CEEjnYnySJTd2cw0k9OHB/YFzt5zgJEwa+wL/T/raGWYMBqwDNAC6dqFKmJYZoQBRfHjgwLHGSrn3Q==}
    engines: {node: '>=18'}
    cpu: [s390x]
    os: [linux]

  '@esbuild/linux-x64@0.28.0':
    resolution: {integrity: sha512-us0dSb9iFxIi8srnpl931Nvs65it/Jd2a2K3qs7fz2WfGPHqzfzZTfec7oxZJRNPXPnNYZtanmRc4AL/JwVzHQ==}
    engines: {node: '>=18'}
    cpu: [x64]
    os: [linux]

  '@esbuild/netbsd-arm64@0.28.0':
    resolution: {integrity: sha512-CR/RYotgtCKwtftMwJlUU7xCVNg3lMYZ0RzTmAHSfLCXw3NtZtNpswLEj/Kkf6kEL3Gw+BpOekRX0BYCtklhUw==}
    engines: {node: '>=18'}
    cpu: [arm64]
    os: [netbsd]

  '@esbuild/netbsd-x64@0.28.0':
    resolution: {integrity: sha512-nU1yhmYutL+fQ71Kxnhg8uEOdC0pwEW9entHykTgEbna2pw2dkbFSMeqjjyHZoCmt8SBkOSvV+yNmm94aUrrqw==}
    engines: {node: '>=18'}
    cpu: [x64]
    os: [netbsd]

  '@esbuild/openbsd-arm64@0.28.0':
    resolution: {integrity: sha512-cXb5vApOsRsxsEl4mcZ1XY3D4DzcoMxR/nnc4IyqYs0rTI8ZKmW6kyyg+11Z8yvgMfAEldKzP7AdP64HnSC/6g==}
    engines: {node: '>=18'}
    cpu: [arm64]
    os: [openbsd]

  '@esbuild/openbsd-x64@0.28.0':
    resolution: {integrity: sha512-8wZM2qqtv9UP3mzy7HiGYNH/zjTA355mpeuA+859TyR+e+Tc08IHYpLJuMsfpDJwoLo1ikIJI8jC3GFjnRClzA==}
    engines: {node: '>=18'}
    cpu: [x64]
    os: [openbsd]

  '@esbuild/openharmony-arm64@0.28.0':
    resolution: {integrity: sha512-FLGfyizszcef5C3YtoyQDACyg95+dndv79i2EekILBofh5wpCa1KuBqOWKrEHZg3zrL3t5ouE5jgr94vA+Wb2w==}
    engines: {node: '>=18'}
    cpu: [arm64]
    os: [openharmony]

  '@esbuild/sunos-x64@0.28.0':
    resolution: {integrity: sha512-1ZgjUoEdHZZl/YlV76TSCz9Hqj9h9YmMGAgAPYd+q4SicWNX3G5GCyx9uhQWSLcbvPW8Ni7lj4gDa1T40akdlw==}
    engines: {node: '>=18'}
    cpu: [x64]
    os: [sunos]

  '@esbuild/win32-arm64@0.28.0':
    resolution: {integrity: sha512-Q9StnDmQ/enxnpxCCLSg0oo4+34B9TdXpuyPeTedN/6+iXBJ4J+zwfQI28u/Jl40nOYAxGoNi7mFP40RUtkmUA==}
    engines: {node: '>=18'}
    cpu: [arm64]
    os: [win32]

  '@esbuild/win32-ia32@0.28.0':
    resolution: {integrity: sha512-zF3ag/gfiCe6U2iczcRzSYJKH1DCI+ByzSENHlM2FcDbEeo5Zd2C86Aq0tKUYAJJ1obRP84ymxIAksZUcdztHA==}
    engines: {node: '>=18'}
    cpu: [ia32]
    os: [win32]

  '@esbuild/win32-x64@0.28.0':
    resolution: {integrity: sha512-pEl1bO9mfAmIC+tW5btTmrKaujg3zGtUmWNdCw/xs70FBjwAL3o9OEKNHvNmnyylD6ubxUERiEhdsL0xBQ9efw==}
    engines: {node: '>=18'}
    cpu: [x64]
    os: [win32]

  '@logseq/libs@0.3.2':
    resolution: {integrity: sha512-U0nMvmhR7gAL7Ph2AYw6sHCYyJvJDptebqIxPIzHNTvXDWsNeSo8ZyO9QiCGMAaWxj2rHikvx2lqt/Ialc6tBw==}

  '@napi-rs/wasm-runtime@1.1.4':
    resolution: {integrity: sha512-3NQNNgA1YSlJb/kMH1ildASP9HW7/7kYnRI2szWJaofaS1hWmbGI4H+d3+22aGzXXN9IJ+n+GiFVcGipJP18ow==}
    peerDependencies:
      '@emnapi/core': ^1.7.1
      '@emnapi/runtime': ^1.7.1

  '@oxc-project/types@0.127.0':
    resolution: {integrity: sha512-aIYXQBo4lCbO4z0R3FHeucQHpF46l2LbMdxRvqvuRuW2OxdnSkcng5B8+K12spgLDj93rtN3+J2Vac/TIO+ciQ==}

  '@rolldown/binding-android-arm64@1.0.0-rc.17':
    resolution: {integrity: sha512-s70pVGhw4zqGeFnXWvAzJDlvxhlRollagdCCKRgOsgUOH3N1l0LIxf83AtGzmb5SiVM4Hjl5HyarMRfdfj3DaQ==}
    engines: {node: ^20.19.0 || >=22.12.0}
    cpu: [arm64]
    os: [android]

  '@rolldown/binding-darwin-arm64@1.0.0-rc.17':
    resolution: {integrity: sha512-4ksWc9n0mhlZpZ9PMZgTGjeOPRu8MB1Z3Tz0Mo02eWfWCHMW1zN82Qz/pL/rC+yQa+8ZnutMF0JjJe7PjwasYw==}
    engines: {node: ^20.19.0 || >=22.12.0}
    cpu: [arm64]
    os: [darwin]

  '@rolldown/binding-darwin-x64@1.0.0-rc.17':
    resolution: {integrity: sha512-SUSDOI6WwUVNcWxd02QEBjLdY1VPHvlEkw6T/8nYG322iYWCTxRb1vzk4E+mWWYehTp7ERibq54LSJGjmouOsw==}
    engines: {node: ^20.19.0 || >=22.12.0}
    cpu: [x64]
    os: [darwin]

  '@rolldown/binding-freebsd-x64@1.0.0-rc.17':
    resolution: {integrity: sha512-hwnz3nw9dbJ05EDO/PvcjaaewqqDy7Y1rn1UO81l8iIK1GjenME75dl16ajbvSSMfv66WXSRCYKIqfgq2KCfxw==}
    engines: {node: ^20.19.0 || >=22.12.0}
    cpu: [x64]
    os: [freebsd]

  '@rolldown/binding-linux-arm-gnueabihf@1.0.0-rc.17':
    resolution: {integrity: sha512-IS+W7epTcwANmFSQFrS1SivEXHtl1JtuQA9wlxrZTcNi6mx+FDOYrakGevvvTwgj2JvWiK8B29/qD9BELZPyXQ==}
    engines: {node: ^20.19.0 || >=22.12.0}
    cpu: [arm]
    os: [linux]

  '@rolldown/binding-linux-arm64-gnu@1.0.0-rc.17':
    resolution: {integrity: sha512-e6usGaHKW5BMNZOymS1UcEYGowQMWcgZ71Z17Sl/h2+ZziNJ1a9n3Zvcz6LdRyIW5572wBCTH/Z+bKuZouGk9Q==}
    engines: {node: ^20.19.0 || >=22.12.0}
    cpu: [arm64]
    os: [linux]
    libc: [glibc]

  '@rolldown/binding-linux-arm64-musl@1.0.0-rc.17':
    resolution: {integrity: sha512-b/CgbwAJpmrRLp02RPfhbudf5tZnN9nsPWK82znefso832etkem8H7FSZwxrOI9djcdTP7U6YfNhbRnh7djErg==}
    engines: {node: ^20.19.0 || >=22.12.0}
    cpu: [arm64]
    os: [linux]
    libc: [musl]

  '@rolldown/binding-linux-ppc64-gnu@1.0.0-rc.17':
    resolution: {integrity: sha512-4EII1iNGRUN5WwGbF/kOh/EIkoDN9HsupgLQoXfY+D1oyJm7/F4t5PYU5n8SWZgG0FEwakyM8pGgwcBYruGTlA==}
    engines: {node: ^20.19.0 || >=22.12.0}
    cpu: [ppc64]
    os: [linux]
    libc: [glibc]

  '@rolldown/binding-linux-s390x-gnu@1.0.0-rc.17':
    resolution: {integrity: sha512-AH8oq3XqQo4IibpVXvPeLDI5pzkpYn0WiZAfT05kFzoJ6tQNzwRdDYQ45M8I/gslbodRZwW8uxLhbSBbkv96rA==}
    engines: {node: ^20.19.0 || >=22.12.0}
    cpu: [s390x]
    os: [linux]
    libc: [glibc]

  '@rolldown/binding-linux-x64-gnu@1.0.0-rc.17':
    resolution: {integrity: sha512-cLnjV3xfo7KslbU41Z7z8BH/E1y5mzUYzAqih1d1MDaIGZRCMqTijqLv76/P7fyHuvUcfGsIpqCdddbxLLK9rA==}
    engines: {node: ^20.19.0 || >=22.12.0}
    cpu: [x64]
    os: [linux]
    libc: [glibc]

  '@rolldown/binding-linux-x64-musl@1.0.0-rc.17':
    resolution: {integrity: sha512-0phclDw1spsL7dUB37sIARuis2tAgomCJXAHZlpt8PXZ4Ba0dRP1e+66lsRqrfhISeN9bEGNjQs+T/Fbd7oYGw==}
    engines: {node: ^20.19.0 || >=22.12.0}
    cpu: [x64]
    os: [linux]
    libc: [musl]

  '@rolldown/binding-openharmony-arm64@1.0.0-rc.17':
    resolution: {integrity: sha512-0ag/hEgXOwgw4t8QyQvUCxvEg+V0KBcA6YuOx9g0r02MprutRF5dyljgm3EmR02O292UX7UeS6HzWHAl6KgyhA==}
    engines: {node: ^20.19.0 || >=22.12.0}
    cpu: [arm64]
    os: [openharmony]

  '@rolldown/binding-wasm32-wasi@1.0.0-rc.17':
    resolution: {integrity: sha512-LEXei6vo0E5wTGwpkJ4KoT3OZJRnglwldt5ziLzOlc6qqb55z4tWNq2A+PFqCJuvWWdP53CVhG1Z9NtToDPJrA==}
    engines: {node: ^20.19.0 || >=22.12.0}
    cpu: [wasm32]

  '@rolldown/binding-win32-arm64-msvc@1.0.0-rc.17':
    resolution: {integrity: sha512-gUmyzBl3SPMa6hrqFUth9sVfcLBlYsbMzBx5PlexMroZStgzGqlZ26pYG89rBb45Mnia+oil6YAIFeEWGWhoZA==}
    engines: {node: ^20.19.0 || >=22.12.0}
    cpu: [arm64]
    os: [win32]

  '@rolldown/binding-win32-x64-msvc@1.0.0-rc.17':
    resolution: {integrity: sha512-3hkiolcUAvPB9FLb3UZdfjVVNWherN1f/skkGWJP/fgSQhYUZpSIRr0/I8ZK9TkF3F7kxvJAk0+IcKvPHk9qQg==}
    engines: {node: ^20.19.0 || >=22.12.0}
    cpu: [x64]
    os: [win32]

  '@rolldown/pluginutils@1.0.0-rc.17':
    resolution: {integrity: sha512-n8iosDOt6Ig1UhJ2AYqoIhHWh/isz0xpicHTzpKBeotdVsTEcxsSA/i3EVM7gQAj0rU27OLAxCjzlj15IWY7bg==}

  '@tybys/wasm-util@0.10.1':
    resolution: {integrity: sha512-9tTaPJLSiejZKx+Bmog4uSubteqTvFrVrURwkmHixBo0G4seD0zUxp98E1DzUBJxLQ3NPwXrGKDiVjwx/DpPsg==}

  '@types/trusted-types@2.0.7':
    resolution: {integrity: sha512-ScaPdn1dQczgbl0QFTeTOmVHFULt394XJgOQNoyVhZ6r2vLnMLJfBPd53SB52T/3G36VI1/g2MZaX0cwDuXsfw==}

  change-case@5.4.4:
    resolution: {integrity: sha512-HRQyTk2/YPEkt9TnUPbOpr64Uw3KOicFWPVBb+xiHvd6eBx/qPr9xqfBFDT8P2vWsvvz4jbEkfDe71W3VyNu2w==}

  csstype@3.2.3:
    resolution: {integrity: sha512-z1HGKcYy2xA8AGQfwrn0PAy+PB7X/GSj3UVJW9qKyn43xWa+gl5nXmU4qqLMRzWVLFC8KusUX8T/0kCiOYpAIQ==}

  debug@4.4.3:
    resolution: {integrity: sha512-RGwwWnwQvkVfavKVt22FGLw+xYSdzARwm0ru6DhTVA3umU5hZc28V3kO4stgYryrTlLpuvgI9GiijltAjNbcqA==}
    engines: {node: '>=6.0'}
    peerDependencies:
      supports-color: '*'
    peerDependenciesMeta:
      supports-color:
        optional: true

  deepmerge@4.3.1:
    resolution: {integrity: sha512-3sUqbMEc77XqpdNO7FRyRog+eW3ph+GYCbj+rK+uYyRMuwsVy0rMiVtPn+QJlKFvWP/1PYpapqYn0Me2knFn+A==}
    engines: {node: '>=0.10.0'}

  detect-libc@2.1.2:
    resolution: {integrity: sha512-Btj2BOOO83o3WyH59e8MgXsxEQVcarkUOpEYrubB0urwnN10yQ364rsiByU11nZlqWYZm05i/of7io4mzihBtQ==}
    engines: {node: '>=8'}

  dompurify@3.3.3:
    resolution: {integrity: sha512-Oj6pzI2+RqBfFG+qOaOLbFXLQ90ARpcGG6UePL82bJLtdsa6CYJD7nmiU8MW9nQNOtCHV3lZ/Bzq1X0QYbBZCA==}

  esbuild@0.28.0:
    resolution: {integrity: sha512-sNR9MHpXSUV/XB4zmsFKN+QgVG82Cc7+/aaxJ8Adi8hyOac+EXptIp45QBPaVyX3N70664wRbTcLTOemCAnyqw==}
    engines: {node: '>=18'}
    hasBin: true

  eventemitter3@5.0.4:
    resolution: {integrity: sha512-mlsTRyGaPBjPedk6Bvw+aqbsXDtoAyAzm5MO7JgU+yVRyMQ5O8bD4Kcci7BS85f93veegeCPkL8R4GLClnjLFw==}

  fast-deep-equal@3.1.3:
    resolution: {integrity: sha512-f3qQ9oQy9j2AhBe/H9VC91wLmKBCCU/gDOnKNAYG5hswO7BLKj09Hc5HYNz9cGI++xlpDCIgDaitVs03ATR84Q==}

  fdir@6.5.0:
    resolution: {integrity: sha512-tIbYtZbucOs0BRGqPJkshJUYdL+SDH7dVM8gjy+ERp3WAUjLEFJE+02kanyHtwjWOnwrKYBiwAmM0p4kLJAnXg==}
    engines: {node: '>=12.0.0'}
    peerDependencies:
      picomatch: ^3 || ^4
    peerDependenciesMeta:
      picomatch:
        optional: true

  fsevents@2.3.3:
    resolution: {integrity: sha512-5xoDfX+fL7faATnagmWPpbFtwh/R77WmMMqqHGS65C3vvB0YHrgF+B1YmZ3441tMj5n63k0212XNoJwzlhffQw==}
    engines: {node: ^8.16.0 || ^10.6.0 || >=11.0.0}
    os: [darwin]

  inherits@2.0.3:
    resolution: {integrity: sha512-x00IRNXNy63jwGkJmzPigoySHbaqpNuzKbBOmzK+g2OdZpQ9w+sxCN+VSB3ja7IAge2OP2qpfxTjeNcyjmW1uw==}

  lightningcss-android-arm64@1.32.0:
    resolution: {integrity: sha512-YK7/ClTt4kAK0vo6w3X+Pnm0D2cf2vPHbhOXdoNti1Ga0al1P4TBZhwjATvjNwLEBCnKvjJc2jQgHXH0NEwlAg==}
    engines: {node: '>= 12.0.0'}
    cpu: [arm64]
    os: [android]

  lightningcss-darwin-arm64@1.32.0:
    resolution: {integrity: sha512-RzeG9Ju5bag2Bv1/lwlVJvBE3q6TtXskdZLLCyfg5pt+HLz9BqlICO7LZM7VHNTTn/5PRhHFBSjk5lc4cmscPQ==}
    engines: {node: '>= 12.0.0'}
    cpu: [arm64]
    os: [darwin]

  lightningcss-darwin-x64@1.32.0:
    resolution: {integrity: sha512-U+QsBp2m/s2wqpUYT/6wnlagdZbtZdndSmut/NJqlCcMLTWp5muCrID+K5UJ6jqD2BFshejCYXniPDbNh73V8w==}
    engines: {node: '>= 12.0.0'}
    cpu: [x64]
    os: [darwin]

  lightningcss-freebsd-x64@1.32.0:
    resolution: {integrity: sha512-JCTigedEksZk3tHTTthnMdVfGf61Fky8Ji2E4YjUTEQX14xiy/lTzXnu1vwiZe3bYe0q+SpsSH/CTeDXK6WHig==}
    engines: {node: '>= 12.0.0'}
    cpu: [x64]
    os: [freebsd]

  lightningcss-linux-arm-gnueabihf@1.32.0:
    resolution: {integrity: sha512-x6rnnpRa2GL0zQOkt6rts3YDPzduLpWvwAF6EMhXFVZXD4tPrBkEFqzGowzCsIWsPjqSK+tyNEODUBXeeVHSkw==}
    engines: {node: '>= 12.0.0'}
    cpu: [arm]
    os: [linux]

  lightningcss-linux-arm64-gnu@1.32.0:
    resolution: {integrity: sha512-0nnMyoyOLRJXfbMOilaSRcLH3Jw5z9HDNGfT/gwCPgaDjnx0i8w7vBzFLFR1f6CMLKF8gVbebmkUN3fa/kQJpQ==}
    engines: {node: '>= 12.0.0'}
    cpu: [arm64]
    os: [linux]
    libc: [glibc]

  lightningcss-linux-arm64-musl@1.32.0:
    resolution: {integrity: sha512-UpQkoenr4UJEzgVIYpI80lDFvRmPVg6oqboNHfoH4CQIfNA+HOrZ7Mo7KZP02dC6LjghPQJeBsvXhJod/wnIBg==}
    engines: {node: '>= 12.0.0'}
    cpu: [arm64]
    os: [linux]
    libc: [musl]

  lightningcss-linux-x64-gnu@1.32.0:
    resolution: {integrity: sha512-V7Qr52IhZmdKPVr+Vtw8o+WLsQJYCTd8loIfpDaMRWGUZfBOYEJeyJIkqGIDMZPwPx24pUMfwSxxI8phr/MbOA==}
    engines: {node: '>= 12.0.0'}
    cpu: [x64]
    os: [linux]
    libc: [glibc]

  lightningcss-linux-x64-musl@1.32.0:
    resolution: {integrity: sha512-bYcLp+Vb0awsiXg/80uCRezCYHNg1/l3mt0gzHnWV9XP1W5sKa5/TCdGWaR/zBM2PeF/HbsQv/j2URNOiVuxWg==}
    engines: {node: '>= 12.0.0'}
    cpu: [x64]
    os: [linux]
    libc: [musl]

  lightningcss-win32-arm64-msvc@1.32.0:
    resolution: {integrity: sha512-8SbC8BR40pS6baCM8sbtYDSwEVQd4JlFTOlaD3gWGHfThTcABnNDBda6eTZeqbofalIJhFx0qKzgHJmcPTnGdw==}
    engines: {node: '>= 12.0.0'}
    cpu: [arm64]
    os: [win32]

  lightningcss-win32-x64-msvc@1.32.0:
    resolution: {integrity: sha512-Amq9B/SoZYdDi1kFrojnoqPLxYhQ4Wo5XiL8EVJrVsB8ARoC1PWW6VGtT0WKCemjy8aC+louJnjS7U18x3b06Q==}
    engines: {node: '>= 12.0.0'}
    cpu: [x64]
    os: [win32]

  lightningcss@1.32.0:
    resolution: {integrity: sha512-NXYBzinNrblfraPGyrbPoD19C1h9lfI/1mzgWYvXUTe414Gz/X1FD2XBZSZM7rRTrMA8JL3OtAaGifrIKhQ5yQ==}
    engines: {node: '>= 12.0.0'}

  lodash-es@4.17.23:
    resolution: {integrity: sha512-kVI48u3PZr38HdYz98UmfPnXl2DXrpdctLrFLCd3kOx1xUkOmpFPx7gCWWM5MPkL/fD8zb+Ph0QzjGFs4+hHWg==}

  ms@2.1.3:
    resolution: {integrity: sha512-6FlzubTLZG3J2a/NVCAleEhjzq5oxgHyaCU9yYXvcLsvoVaHJq/s5xXI6/XXP6tz7R9xAOtHnSO/tXtF3WRTlA==}

  nanoid@3.3.11:
    resolution: {integrity: sha512-N8SpfPUnUp1bK+PMYW8qSWdl9U+wwNWI4QKxOYDy9JAro3WMX7p2OeVRF9v+347pnakNevPmiHhNmZ2HbFA76w==}
    engines: {node: ^10 || ^12 || ^13.7 || ^14 || >=15.0.1}
    hasBin: true

  path@0.12.7:
    resolution: {integrity: sha512-aXXC6s+1w7otVF9UletFkFcDsJeO7lSZBPUQhtb5O0xJe8LtYhj/GxldoL09bBj9+ZmE2hNoHqQSFMN5fikh4Q==}

  picocolors@1.1.1:
    resolution: {integrity: sha512-xceH2snhtb5M9liqDsmEw56le376mTZkEX/jEb/RxNFyegNul7eNslCXP9FDj/Lcu0X8KEyMceP2ntpaHrDEVA==}

  picomatch@4.0.4:
    resolution: {integrity: sha512-QP88BAKvMam/3NxH6vj2o21R6MjxZUAd6nlwAS/pnGvN9IVLocLHxGYIzFhg6fUQ+5th6P4dv4eW9jX3DSIj7A==}
    engines: {node: '>=12'}

  postcss@8.5.10:
    resolution: {integrity: sha512-pMMHxBOZKFU6HgAZ4eyGnwXF/EvPGGqUr0MnZ5+99485wwW41kW91A4LOGxSHhgugZmSChL5AlElNdwlNgcnLQ==}
    engines: {node: ^10 || ^12 || >=14}

  process@0.11.10:
    resolution: {integrity: sha512-cdGef/drWFoydD1JsMzuFf8100nZl+GT+yacc2bEced5f9Rjk4z+WtFUTBu9PhOi9j/jfmBPu0mMEY4wIdAF8A==}
    engines: {node: '>= 0.6.0'}

  rolldown@1.0.0-rc.17:
    resolution: {integrity: sha512-ZrT53oAKrtA4+YtBWPQbtPOxIbVDbxT0orcYERKd63VJTF13zPcgXTvD4843L8pcsI7M6MErt8QtON6lrB9tyA==}
    engines: {node: ^20.19.0 || >=22.12.0}
    hasBin: true

  sisteransi@1.0.5:
    resolution: {integrity: sha512-bLGGlR1QxBcynn2d5YmDX4MGjlZvy2MRBDRNHLJ8VI6l6+9FUiyTFNJ0IveOSP0bcXgVDPRcfGqA0pjaqUpfVg==}

  source-map-js@1.2.1:
    resolution: {integrity: sha512-UXWMKhLOwVKb728IUtQPXxfYU+usdybtUrK/8uGE8CQMvrhOpwvzDBwj0QhSL7MQc7vIsISBG8VQ8+IDQxpfQA==}
    engines: {node: '>=0.10.0'}

  tinyglobby@0.2.16:
    resolution: {integrity: sha512-pn99VhoACYR8nFHhxqix+uvsbXineAasWm5ojXoN8xEwK5Kd3/TrhNn1wByuD52UxWRLy8pu+kRMniEi6Eq9Zg==}
    engines: {node: '>=12.0.0'}

  tslib@2.8.1:
    resolution: {integrity: sha512-oJFu94HQb+KVduSUQL7wnpmqnfmLsOA/nAh6b6EH0wCEoK0/mPeXU6c3wKDV83MkOuHPRHtSXKKU99IBazS/2w==}

  typescript@6.0.3:
    resolution: {integrity: sha512-y2TvuxSZPDyQakkFRPZHKFm+KKVqIisdg9/CZwm9ftvKXLP8NRWj38/ODjNbr43SsoXqNuAisEf1GdCxqWcdBw==}
    engines: {node: '>=14.17'}
    hasBin: true

  util@0.10.4:
    resolution: {integrity: sha512-0Pm9hTQ3se5ll1XihRic3FDIku70C+iHUdT/W926rSgHV5QgXsYbKZN8MSC3tJtSkhuROzvsQjAaFENRXr+19A==}

  vite-plugin-domain@2.0.5:
    resolution: {integrity: sha512-DVYQd0f3YH04x7gc6STLwohcEELgrUoPYy7TvBp3BqIuCiCQmyEzkK6fMB5jzGOtSSGBtswNnlyEWsRl0Aa8hg==}
    engines: {node: '>=18'}
    hasBin: true
    peerDependencies:
      vite: '>=4'

  vite@8.0.10:
    resolution: {integrity: sha512-rZuUu9j6J5uotLDs+cAA4O5H4K1SfPliUlQwqa6YEwSrWDZzP4rhm00oJR5snMewjxF5V/K3D4kctsUTsIU9Mw==}
    engines: {node: ^20.19.0 || >=22.12.0}
    hasBin: true
    peerDependencies:
      '@types/node': ^20.19.0 || >=22.12.0
      '@vitejs/devtools': ^0.1.0
      esbuild: ^0.27.0 || ^0.28.0
      jiti: '>=1.21.0'
      less: ^4.0.0
      sass: ^1.70.0
      sass-embedded: ^1.70.0
      stylus: '>=0.54.8'
      sugarss: ^5.0.0
      terser: ^5.16.0
      tsx: ^4.8.1
      yaml: ^2.4.2
    peerDependenciesMeta:
      '@types/node':
        optional: true
      '@vitejs/devtools':
        optional: true
      esbuild:
        optional: true
      jiti:
        optional: true
      less:
        optional: true
      sass:
        optional: true
      sass-embedded:
        optional: true
      stylus:
        optional: true
      sugarss:
        optional: true
      terser:
        optional: true
      tsx:
        optional: true
      yaml:
        optional: true

snapshots:

  '@clack/core@1.1.0':
    dependencies:
      sisteransi: 1.0.5

  '@clack/prompts@1.1.0':
    dependencies:
      '@clack/core': 1.1.0
      sisteransi: 1.0.5

  '@emnapi/core@1.10.0':
    dependencies:
      '@emnapi/wasi-threads': 1.2.1
      tslib: 2.8.1
    optional: true

  '@emnapi/runtime@1.10.0':
    dependencies:
      tslib: 2.8.1
    optional: true

  '@emnapi/wasi-threads@1.2.1':
    dependencies:
      tslib: 2.8.1
    optional: true

  '@esbuild/aix-ppc64@0.28.0':
    optional: true

  '@esbuild/android-arm64@0.28.0':
    optional: true

  '@esbuild/android-arm@0.28.0':
    optional: true

  '@esbuild/android-x64@0.28.0':
    optional: true

  '@esbuild/darwin-arm64@0.28.0':
    optional: true

  '@esbuild/darwin-x64@0.28.0':
    optional: true

  '@esbuild/freebsd-arm64@0.28.0':
    optional: true

  '@esbuild/freebsd-x64@0.28.0':
    optional: true

  '@esbuild/linux-arm64@0.28.0':
    optional: true

  '@esbuild/linux-arm@0.28.0':
    optional: true

  '@esbuild/linux-ia32@0.28.0':
    optional: true

  '@esbuild/linux-loong64@0.28.0':
    optional: true

  '@esbuild/linux-mips64el@0.28.0':
    optional: true

  '@esbuild/linux-ppc64@0.28.0':
    optional: true

  '@esbuild/linux-riscv64@0.28.0':
    optional: true

  '@esbuild/linux-s390x@0.28.0':
    optional: true

  '@esbuild/linux-x64@0.28.0':
    optional: true

  '@esbuild/netbsd-arm64@0.28.0':
    optional: true

  '@esbuild/netbsd-x64@0.28.0':
    optional: true

  '@esbuild/openbsd-arm64@0.28.0':
    optional: true

  '@esbuild/openbsd-x64@0.28.0':
    optional: true

  '@esbuild/openharmony-arm64@0.28.0':
    optional: true

  '@esbuild/sunos-x64@0.28.0':
    optional: true

  '@esbuild/win32-arm64@0.28.0':
    optional: true

  '@esbuild/win32-ia32@0.28.0':
    optional: true

  '@esbuild/win32-x64@0.28.0':
    optional: true

  '@logseq/libs@0.3.2':
    dependencies:
      change-case: 5.4.4
      csstype: 3.2.3
      debug: 4.4.3
      deepmerge: 4.3.1
      dompurify: 3.3.3
      eventemitter3: 5.0.4
      fast-deep-equal: 3.1.3
      lodash-es: 4.17.23
      path: 0.12.7
    transitivePeerDependencies:
      - supports-color

  '@napi-rs/wasm-runtime@1.1.4(@emnapi/core@1.10.0)(@emnapi/runtime@1.10.0)':
    dependencies:
      '@emnapi/core': 1.10.0
      '@emnapi/runtime': 1.10.0
      '@tybys/wasm-util': 0.10.1
    optional: true

  '@oxc-project/types@0.127.0': {}

  '@rolldown/binding-android-arm64@1.0.0-rc.17':
    optional: true

  '@rolldown/binding-darwin-arm64@1.0.0-rc.17':
    optional: true

  '@rolldown/binding-darwin-x64@1.0.0-rc.17':
    optional: true

  '@rolldown/binding-freebsd-x64@1.0.0-rc.17':
    optional: true

  '@rolldown/binding-linux-arm-gnueabihf@1.0.0-rc.17':
    optional: true

  '@rolldown/binding-linux-arm64-gnu@1.0.0-rc.17':
    optional: true

  '@rolldown/binding-linux-arm64-musl@1.0.0-rc.17':
    optional: true

  '@rolldown/binding-linux-ppc64-gnu@1.0.0-rc.17':
    optional: true

  '@rolldown/binding-linux-s390x-gnu@1.0.0-rc.17':
    optional: true

  '@rolldown/binding-linux-x64-gnu@1.0.0-rc.17':
    optional: true

  '@rolldown/binding-linux-x64-musl@1.0.0-rc.17':
    optional: true

  '@rolldown/binding-openharmony-arm64@1.0.0-rc.17':
    optional: true

  '@rolldown/binding-wasm32-wasi@1.0.0-rc.17':
    dependencies:
      '@emnapi/core': 1.10.0
      '@emnapi/runtime': 1.10.0
      '@napi-rs/wasm-runtime': 1.1.4(@emnapi/core@1.10.0)(@emnapi/runtime@1.10.0)
    optional: true

  '@rolldown/binding-win32-arm64-msvc@1.0.0-rc.17':
    optional: true

  '@rolldown/binding-win32-x64-msvc@1.0.0-rc.17':
    optional: true

  '@rolldown/pluginutils@1.0.0-rc.17': {}

  '@tybys/wasm-util@0.10.1':
    dependencies:
      tslib: 2.8.1
    optional: true

  '@types/trusted-types@2.0.7':
    optional: true

  change-case@5.4.4: {}

  csstype@3.2.3: {}

  debug@4.4.3:
    dependencies:
      ms: 2.1.3

  deepmerge@4.3.1: {}

  detect-libc@2.1.2: {}

  dompurify@3.3.3:
    optionalDependencies:
      '@types/trusted-types': 2.0.7

  esbuild@0.28.0:
    optionalDependencies:
      '@esbuild/aix-ppc64': 0.28.0
      '@esbuild/android-arm': 0.28.0
      '@esbuild/android-arm64': 0.28.0
      '@esbuild/android-x64': 0.28.0
      '@esbuild/darwin-arm64': 0.28.0
      '@esbuild/darwin-x64': 0.28.0
      '@esbuild/freebsd-arm64': 0.28.0
      '@esbuild/freebsd-x64': 0.28.0
      '@esbuild/linux-arm': 0.28.0
      '@esbuild/linux-arm64': 0.28.0
      '@esbuild/linux-ia32': 0.28.0
      '@esbuild/linux-loong64': 0.28.0
      '@esbuild/linux-mips64el': 0.28.0
      '@esbuild/linux-ppc64': 0.28.0
      '@esbuild/linux-riscv64': 0.28.0
      '@esbuild/linux-s390x': 0.28.0
      '@esbuild/linux-x64': 0.28.0
      '@esbuild/netbsd-arm64': 0.28.0
      '@esbuild/netbsd-x64': 0.28.0
      '@esbuild/openbsd-arm64': 0.28.0
      '@esbuild/openbsd-x64': 0.28.0
      '@esbuild/openharmony-arm64': 0.28.0
      '@esbuild/sunos-x64': 0.28.0
      '@esbuild/win32-arm64': 0.28.0
      '@esbuild/win32-ia32': 0.28.0
      '@esbuild/win32-x64': 0.28.0

  eventemitter3@5.0.4: {}

  fast-deep-equal@3.1.3: {}

  fdir@6.5.0(picomatch@4.0.4):
    optionalDependencies:
      picomatch: 4.0.4

  fsevents@2.3.3:
    optional: true

  inherits@2.0.3: {}

  lightningcss-android-arm64@1.32.0:
    optional: true

  lightningcss-darwin-arm64@1.32.0:
    optional: true

  lightningcss-darwin-x64@1.32.0:
    optional: true

  lightningcss-freebsd-x64@1.32.0:
    optional: true

  lightningcss-linux-arm-gnueabihf@1.32.0:
    optional: true

  lightningcss-linux-arm64-gnu@1.32.0:
    optional: true

  lightningcss-linux-arm64-musl@1.32.0:
    optional: true

  lightningcss-linux-x64-gnu@1.32.0:
    optional: true

  lightningcss-linux-x64-musl@1.32.0:
    optional: true

  lightningcss-win32-arm64-msvc@1.32.0:
    optional: true

  lightningcss-win32-x64-msvc@1.32.0:
    optional: true

  lightningcss@1.32.0:
    dependencies:
      detect-libc: 2.1.2
    optionalDependencies:
      lightningcss-android-arm64: 1.32.0
      lightningcss-darwin-arm64: 1.32.0
      lightningcss-darwin-x64: 1.32.0
      lightningcss-freebsd-x64: 1.32.0
      lightningcss-linux-arm-gnueabihf: 1.32.0
      lightningcss-linux-arm64-gnu: 1.32.0
      lightningcss-linux-arm64-musl: 1.32.0
      lightningcss-linux-x64-gnu: 1.32.0
      lightningcss-linux-x64-musl: 1.32.0
      lightningcss-win32-arm64-msvc: 1.32.0
      lightningcss-win32-x64-msvc: 1.32.0

  lodash-es@4.17.23: {}

  ms@2.1.3: {}

  nanoid@3.3.11: {}

  path@0.12.7:
    dependencies:
      process: 0.11.10
      util: 0.10.4

  picocolors@1.1.1: {}

  picomatch@4.0.4: {}

  postcss@8.5.10:
    dependencies:
      nanoid: 3.3.11
      picocolors: 1.1.1
      source-map-js: 1.2.1

  process@0.11.10: {}

  rolldown@1.0.0-rc.17:
    dependencies:
      '@oxc-project/types': 0.127.0
      '@rolldown/pluginutils': 1.0.0-rc.17
    optionalDependencies:
      '@rolldown/binding-android-arm64': 1.0.0-rc.17
      '@rolldown/binding-darwin-arm64': 1.0.0-rc.17
      '@rolldown/binding-darwin-x64': 1.0.0-rc.17
      '@rolldown/binding-freebsd-x64': 1.0.0-rc.17
      '@rolldown/binding-linux-arm-gnueabihf': 1.0.0-rc.17
      '@rolldown/binding-linux-arm64-gnu': 1.0.0-rc.17
      '@rolldown/binding-linux-arm64-musl': 1.0.0-rc.17
      '@rolldown/binding-linux-ppc64-gnu': 1.0.0-rc.17
      '@rolldown/binding-linux-s390x-gnu': 1.0.0-rc.17
      '@rolldown/binding-linux-x64-gnu': 1.0.0-rc.17
      '@rolldown/binding-linux-x64-musl': 1.0.0-rc.17
      '@rolldown/binding-openharmony-arm64': 1.0.0-rc.17
      '@rolldown/binding-wasm32-wasi': 1.0.0-rc.17
      '@rolldown/binding-win32-arm64-msvc': 1.0.0-rc.17
      '@rolldown/binding-win32-x64-msvc': 1.0.0-rc.17

  sisteransi@1.0.5: {}

  source-map-js@1.2.1: {}

  tinyglobby@0.2.16:
    dependencies:
      fdir: 6.5.0(picomatch@4.0.4)
      picomatch: 4.0.4

  tslib@2.8.1:
    optional: true

  typescript@6.0.3: {}

  util@0.10.4:
    dependencies:
      inherits: 2.0.3

  vite-plugin-domain@2.0.5(vite@8.0.10(esbuild@0.28.0)):
    dependencies:
      '@clack/prompts': 1.1.0
      picocolors: 1.1.1
      vite: 8.0.10(esbuild@0.28.0)

  vite@8.0.10(esbuild@0.28.0):
    dependencies:
      lightningcss: 1.32.0
      picomatch: 4.0.4
      postcss: 8.5.10
      rolldown: 1.0.0-rc.17
      tinyglobby: 0.2.16
    optionalDependencies:
      esbuild: 0.28.0
      fsevents: 2.3.3
